
Microsoft Visual Studio Solution File, Format Version 12.00
# Visual Studio 14
VisualStudioVersion = 14.0.24720.0
MinimumVisualStudioVersion = 10.0.40219.1
Project("{FAE04EC0-301F-11D3-BF4B-00C04F79EFBC}") = "NodeTreeAnalyzer", "NodeTreeAnalyzer\NodeTreeAnalyzer.csproj", "{D04C6456-05C4-4229-8678-D1E19F511A7A}"
EndProject
Project("{FAE04EC0-301F-11D3-BF4B-00C04F79EFBC}") = "NodeTreeAnalyzer.UnitTest", "NodeTreeAnalyzer.UnitTest\NodeTreeAnalyzer.UnitTest.csproj", "{DB1DAFB9-A93A-48D5-92AA-25244E465064}"
EndProject
Project("{FAE04EC0-301F-11D3-BF4B-00C04F79EFBC}") = "NodeTreeAnalyzer.Entities", "NodeTreeAnalyzer.Entities\NodeTreeAnalyzer.Entities.csproj", "{11C74C86-4C88-46CB-97B1-13D2F220C240}"
EndProject
Project("{FAE04EC0-301F-11D3-BF4B-00C04F79EFBC}") = "NodeTreeAnalyzer.Logic", "NodeTreeAnalyzer.Logic\NodeTreeAnalyzer.Logic.csproj", "{65481EB8-A68B-4BC9-A5D4-6ECE66A5F817}"
EndProject
Project("{FAE04EC0-301F-11D3-BF4B-00C04F79EFBC}") = "NodeTreeAnalyzer.IntegrationTest", "NodeTreeAnalyzer.IntegrationTest\NodeTreeAnalyzer.IntegrationTest.csproj", "{B876D91C-AD7D-4413-9174-F6597B3F459F}"
EndProject
Global
	GlobalSection(SolutionConfigurationPlatforms) = preSolution
		Debug|Any CPU = Debug|Any CPU
		Release|Any CPU = Release|Any CPU
	EndGlobalSection
	GlobalSection(ProjectConfigurationPlatforms) = postSolution
		{D04C6456-05C4-4229-8678-D1E19F511A7A}.Debug|Any CPU.ActiveCfg = Debug|Any CPU
		{D04C6456-05C4-4229-8678-D1E19F511A7A}.Debug|Any CPU.Build.0 = Debug|Any CPU
		{D04C6456-05C4-4229-8678-D1E19F511A7A}.Release|Any CPU.ActiveCfg = Release|Any CPU
		{D04C6456-05C4-4229-8678-D1E19F511A7A}.Release|Any CPU.Build.0 = Release|Any CPU
		{DB1DAFB9-A93A-48D5-92AA-25244E465064}.Debug|Any CPU.ActiveCfg = Debug|Any CPU
		{DB1DAFB9-A93A-48D5-92AA-25244E465064}.Debug|Any CPU.Build.0 = Debug|Any CPU
		{DB1DAFB9-A93A-48D5-92AA-25244E465064}.Release|Any CPU.ActiveCfg = Release|Any CPU
		{DB1DAFB9-A93A-48D5-92AA-25244E465064}.Release|Any CPU.Build.0 = Release|Any CPU
		{11C74C86-4C88-46CB-97B1-13D2F220C240}.Debug|Any CPU.ActiveCfg = Debug|Any CPU
		{11C74C86-4C88-46CB-97B1-13D2F220C240}.Debug|Any CPU.Build.0 = Debug|Any CPU
		{11C74C86-4C88-46CB-97B1-13D2F220C240}.Release|Any CPU.ActiveCfg = Release|Any CPU
		{11C74C86-4C88-46CB-97B1-13D2F220C240}.Release|Any CPU.Build.0 = Release|Any CPU
		{65481EB8-A68B-4BC9-A5D4-6ECE66A5F817}.Debug|Any CPU.ActiveCfg = Debug|Any CPU
		{65481EB8-A68B-4BC9-A5D4-6ECE66A5F817}.Debug|Any CPU.Build.0 = Debug|Any CPU
		{65481EB8-A68B-4BC9-A5D4-6ECE66A5F817}.Release|Any CPU.ActiveCfg = Release|Any CPU
		{65481EB8-A68B-4BC9-A5D4-6ECE66A5F817}.Release|Any CPU.Build.0 = Release|Any CPU
		{B876D91C-AD7D-4413-9174-F6597B3F459F}.Debug|Any CPU.ActiveCfg = Debug|Any CPU
		{B876D91C-AD7D-4413-9174-F6597B3F459F}.Debug|Any CPU.Build.0 = Debug|Any CPU
		{B876D91C-AD7D-4413-9174-F6597B3F459F}.Release|Any CPU.ActiveCfg = Release|Any CPU
		{B876D91C-AD7D-4413-9174-F6597B3F459F}.Release|Any CPU.Build.0 = Release|Any CPU
	EndGlobalSection
	GlobalSection(SolutionProperties) = preSolution
		HideSolutionNode = FALSE
	EndGlobalSection
EndGlobal
